
Microsoft Visual Studio Solution File, Format Version 12.00
# Visual Studio Version 17
VisualStudioVersion = 17.3.32825.248
MinimumVisualStudioVersion = 10.0.40219.1
Project("{FAE04EC0-301F-11D3-BF4B-00C04F79EFBC}") = "SzGep", "SzGep\SzGep.csproj", "{991ED240-41F9-4178-ADDA-EB8E3460B987}"
EndProject
Global
	GlobalSection(SolutionConfigurationPlatforms) = preSolution
		Debug|Any CPU = Debug|Any CPU
		Release|Any CPU = Release|Any CPU
	EndGlobalSection
	GlobalSection(ProjectConfigurationPlatforms) = postSolution
		{991ED240-41F9-4178-ADDA-EB8E3460B987}.Debug|Any CPU.ActiveCfg = Debug|Any CPU
		{991ED240-41F9-4178-ADDA-EB8E3460B987}.Debug|Any CPU.Build.0 = Debug|Any CPU
		{991ED240-41F9-4178-ADDA-EB8E3460B987}.Release|Any CPU.ActiveCfg = Release|Any CPU
		{991ED240-41F9-4178-ADDA-EB8E3460B987}.Release|Any CPU.Build.0 = Release|Any CPU
	EndGlobalSection
	GlobalSection(SolutionProperties) = preSolution
		HideSolutionNode = FALSE
	EndGlobalSection
	GlobalSection(ExtensibilityGlobals) = postSolution
		SolutionGuid = {1C9CD221-7A55-42CE-81D5-5D243FD5DEEB}
	EndGlobalSection
EndGlobal
